// !$*UTF8*$!
{
	archiveVersion = 1;
	classes = {
	};
	objectVersion = 46;
	objects = {

/* Begin PBXBuildFile section */
		7D19F2B01DE9714800EAD2ED /* AppDelegate.swift in Sources */ = {isa = PBXBuildFile; fileRef = 7D19F2AF1DE9714800EAD2ED /* AppDelegate.swift */; };
		7D19F2B21DE9714800EAD2ED /* ViewController.swift in Sources */ = {isa = PBXBuildFile; fileRef = 7D19F2B11DE9714800EAD2ED /* ViewController.swift */; };
		7D19F2B51DE9714800EAD2ED /* Main.storyboard in Resources */ = {isa = PBXBuildFile; fileRef = 7D19F2B31DE9714800EAD2ED /* Main.storyboard */; };
		7D19F2B81DE9714800EAD2ED /* Scribe.xcdatamodeld in Sources */ = {isa = PBXBuildFile; fileRef = 7D19F2B61DE9714800EAD2ED /* Scribe.xcdatamodeld */; };
		7D19F2BA1DE9714800EAD2ED /* Assets.xcassets in Resources */ = {isa = PBXBuildFile; fileRef = 7D19F2B91DE9714800EAD2ED /* Assets.xcassets */; };
		7D19F2BD1DE9714800EAD2ED /* LaunchScreen.storyboard in Resources */ = {isa = PBXBuildFile; fileRef = 7D19F2BB1DE9714800EAD2ED /* LaunchScreen.storyboard */; };
		7D19F2C81DE973A600EAD2ED /* CircleButton.swift in Sources */ = {isa = PBXBuildFile; fileRef = 7D19F2C71DE973A600EAD2ED /* CircleButton.swift */; };
		7D19F2CA1DE97C6F00EAD2ED /* test.m4a in Resources */ = {isa = PBXBuildFile; fileRef = 7D19F2C91DE97C6F00EAD2ED /* test.m4a */; };
/* End PBXBuildFile section */

/* Begin PBXFileReference section */
		7D19F2AC1DE9714800EAD2ED /* Scribe.app */ = {isa = PBXFileReference; explicitFileType = wrapper.application; includeInIndex = 0; path = Scribe.app; sourceTree = BUILT_PRODUCTS_DIR; };
		7D19F2AF1DE9714800EAD2ED /* AppDelegate.swift */ = {isa = PBXFileReference; lastKnownFileType = sourcecode.swift; path = AppDelegate.swift; sourceTree = "<group>"; };
		7D19F2B11DE9714800EAD2ED /* ViewController.swift */ = {isa = PBXFileReference; lastKnownFileType = sourcecode.swift; name = ViewController.swift; path = Scribe/ViewController.swift; sourceTree = "<group>"; };
		7D19F2B41DE9714800EAD2ED /* Base */ = {isa = PBXFileReference; lastKnownFileType = file.storyboard; name = Base; path = Base.lproj/Main.storyboard; sourceTree = "<group>"; };
		7D19F2B71DE9714800EAD2ED /* Scribe.xcdatamodel */ = {isa = PBXFileReference; lastKnownFileType = wrapper.xcdatamodel; path = Scribe.xcdatamodel; sourceTree = "<group>"; };
		7D19F2B91DE9714800EAD2ED /* Assets.xcassets */ = {isa = PBXFileReference; lastKnownFileType = folder.assetcatalog; path = Assets.xcassets; sourceTree = "<group>"; };
		7D19F2BC1DE9714800EAD2ED /* Base */ = {isa = PBXFileReference; lastKnownFileType = file.storyboard; name = Base; path = Base.lproj/LaunchScreen.storyboard; sourceTree = "<group>"; };
		7D19F2BE1DE9714800EAD2ED /* Info.plist */ = {isa = PBXFileReference; lastKnownFileType = text.plist.xml; path = Info.plist; sourceTree = "<group>"; };
		7D19F2C71DE973A600EAD2ED /* CircleButton.swift */ = {isa = PBXFileReference; fileEncoding = 4; lastKnownFileType = sourcecode.swift; path = CircleButton.swift; sourceTree = "<group>"; };
		7D19F2C91DE97C6F00EAD2ED /* test.m4a */ = {isa = PBXFileReference; lastKnownFileType = file; name = test.m4a; path = ../test.m4a; sourceTree = "<group>"; };
/* End PBXFileReference section */

/* Begin PBXFrameworksBuildPhase section */
		7D19F2A91DE9714800EAD2ED /* Frameworks */ = {
			isa = PBXFrameworksBuildPhase;
			buildActionMask = 2147483647;
			files = (
			);
			runOnlyForDeploymentPostprocessing = 0;
		};
/* End PBXFrameworksBuildPhase section */

/* Begin PBXGroup section */
		7D19F2A31DE9714800EAD2ED = {
			isa = PBXGroup;
			children = (
				7D19F2AE1DE9714800EAD2ED /* Scribe */,
				7D19F2AD1DE9714800EAD2ED /* Products */,
			);
			sourceTree = "<group>";
		};
		7D19F2AD1DE9714800EAD2ED /* Products */ = {
			isa = PBXGroup;
			children = (
				7D19F2AC1DE9714800EAD2ED /* Scribe.app */,
			);
			name = Products;
			sourceTree = "<group>";
		};
		7D19F2AE1DE9714800EAD2ED /* Scribe */ = {
			isa = PBXGroup;
			children = (
				7D19F2CB1DE97C7500EAD2ED /* resources */,
				7D19F2C41DE9715100EAD2ED /* model */,
				7D19F2C51DE9715800EAD2ED /* view */,
				7D19F2C61DE9715E00EAD2ED /* controller */,
				7D19F2AF1DE9714800EAD2ED /* AppDelegate.swift */,
				7D19F2B31DE9714800EAD2ED /* Main.storyboard */,
				7D19F2B91DE9714800EAD2ED /* Assets.xcassets */,
				7D19F2BB1DE9714800EAD2ED /* LaunchScreen.storyboard */,
				7D19F2BE1DE9714800EAD2ED /* Info.plist */,
				7D19F2B61DE9714800EAD2ED /* Scribe.xcdatamodeld */,
			);
			path = Scribe;
			sourceTree = "<group>";
		};
		7D19F2C41DE9715100EAD2ED /* model */ = {
			isa = PBXGroup;
			children = (
			);
			name = model;
			path = ..;
			sourceTree = "<group>";
		};
		7D19F2C51DE9715800EAD2ED /* view */ = {
			isa = PBXGroup;
			children = (
				7D19F2C71DE973A600EAD2ED /* CircleButton.swift */,
			);
			name = view;
			path = ..;
			sourceTree = "<group>";
		};
		7D19F2C61DE9715E00EAD2ED /* controller */ = {
			isa = PBXGroup;
			children = (
				7D19F2B11DE9714800EAD2ED /* ViewController.swift */,
			);
			name = controller;
			path = ..;
			sourceTree = "<group>";
		};
		7D19F2CB1DE97C7500EAD2ED /* resources */ = {
			isa = PBXGroup;
			children = (
				7D19F2C91DE97C6F00EAD2ED /* test.m4a */,
			);
			name = resources;
			sourceTree = "<group>";
		};
/* End PBXGroup section */

/* Begin PBXNativeTarget section */
		7D19F2AB1DE9714800EAD2ED /* Scribe */ = {
			isa = PBXNativeTarget;
			buildConfigurationList = 7D19F2C11DE9714800EAD2ED /* Build configuration list for PBXNativeTarget "Scribe" */;
			buildPhases = (
				7D19F2A81DE9714800EAD2ED /* Sources */,
				7D19F2A91DE9714800EAD2ED /* Frameworks */,
				7D19F2AA1DE9714800EAD2ED /* Resources */,
			);
			buildRules = (
			);
			dependencies = (
			);
			name = Scribe;
			productName = Scribe;
			productReference = 7D19F2AC1DE9714800EAD2ED /* Scribe.app */;
			productType = "com.apple.product-type.application";
		};
/* End PBXNativeTarget section */

/* Begin PBXProject section */
		7D19F2A41DE9714800EAD2ED /* Project object */ = {
			isa = PBXProject;
			attributes = {
				LastSwiftUpdateCheck = 0810;
				LastUpgradeCheck = 0810;
				ORGANIZATIONNAME = "Darshan Gowda";
				TargetAttributes = {
					7D19F2AB1DE9714800EAD2ED = {
						CreatedOnToolsVersion = 8.1;
						ProvisioningStyle = Automatic;
					};
				};
			};
			buildConfigurationList = 7D19F2A71DE9714800EAD2ED /* Build configuration list for PBXProject "Scribe" */;
			compatibilityVersion = "Xcode 3.2";
			developmentRegion = English;
			hasScannedForEncodings = 0;
			knownRegions = (
				en,
				Base,
			);
			mainGroup = 7D19F2A31DE9714800EAD2ED;
			productRefGroup = 7D19F2AD1DE9714800EAD2ED /* Products */;
			projectDirPath = "";
			projectRoot = "";
			targets = (
				7D19F2AB1DE9714800EAD2ED /* Scribe */,
			);
		};
/* End PBXProject section */

/* Begin PBXResourcesBuildPhase section */
		7D19F2AA1DE9714800EAD2ED /* Resources */ = {
			isa = PBXResourcesBuildPhase;
			buildActionMask = 2147483647;
			files = (
				7D19F2CA1DE97C6F00EAD2ED /* test.m4a in Resources */,
				7D19F2BD1DE9714800EAD2ED /* LaunchScreen.storyboard in Resources */,
				7D19F2BA1DE9714800EAD2ED /* Assets.xcassets in Resources */,
				7D19F2B51DE9714800EAD2ED /* Main.storyboard in Resources */,
			);
			runOnlyForDeploymentPostprocessing = 0;
		};
/* End PBXResourcesBuildPhase section */

/* Begin PBXSourcesBuildPhase section */
		7D19F2A81DE9714800EAD2ED /* Sources */ = {
			isa = PBXSourcesBuildPhase;
			buildActionMask = 2147483647;
			files = (
				7D19F2B21DE9714800EAD2ED /* ViewController.swift in Sources */,
				7D19F2B01DE9714800EAD2ED /* AppDelegate.swift in Sources */,
				7D19F2B81DE9714800EAD2ED /* Scribe.xcdatamodeld in Sources */,
				7D19F2C81DE973A600EAD2ED /* CircleButton.swift in Sources */,
			);
			runOnlyForDeploymentPostprocessing = 0;
		};
/* End PBXSourcesBuildPhase section */

/* Begin PBXVariantGroup section */
		7D19F2B31DE9714800EAD2ED /* Main.storyboard */ = {
			isa = PBXVariantGroup;
			children = (
				7D19F2B41DE9714800EAD2ED /* Base */,
			);
			name = Main.storyboard;
			sourceTree = "<group>";
		};
		7D19F2BB1DE9714800EAD2ED /* LaunchScreen.storyboard */ = {
			isa = PBXVariantGroup;
			children = (
				7D19F2BC1DE9714800EAD2ED /* Base */,
			);
			name = LaunchScreen.storyboard;
			sourceTree = "<group>";
		};
/* End PBXVariantGroup section */

/* Begin XCBuildConfiguration section */
		7D19F2BF1DE9714800EAD2ED /* Debug */ = {
			isa = XCBuildConfiguration;
			buildSettings = {
				ALWAYS_SEARCH_USER_PATHS = NO;
				CLANG_ANALYZER_NONNULL = YES;
				CLANG_CXX_LANGUAGE_STANDARD = "gnu++0x";
				CLANG_CXX_LIBRARY = "libc++";
				CLANG_ENABLE_MODULES = YES;
				CLANG_ENABLE_OBJC_ARC = YES;
				CLANG_WARN_BOOL_CONVERSION = YES;
				CLANG_WARN_CONSTANT_CONVERSION = YES;
				CLANG_WARN_DIRECT_OBJC_ISA_USAGE = YES_ERROR;
				CLANG_WARN_DOCUMENTATION_COMMENTS = YES;
				CLANG_WARN_EMPTY_BODY = YES;
				CLANG_WARN_ENUM_CONVERSION = YES;
				CLANG_WARN_INFINITE_RECURSION = YES;
				CLANG_WARN_INT_CONVERSION = YES;
				CLANG_WARN_OBJC_ROOT_CLASS = YES_ERROR;
				CLANG_WARN_SUSPICIOUS_MOVES = YES;
				CLANG_WARN_UNREACHABLE_CODE = YES;
				CLANG_WARN__DUPLICATE_METHOD_MATCH = YES;
				"CODE_SIGN_IDENTITY[sdk=iphoneos*]" = "iPhone Developer";
				COPY_PHASE_STRIP = NO;
				DEBUG_INFORMATION_FORMAT = dwarf;
				ENABLE_STRICT_OBJC_MSGSEND = YES;
				ENABLE_TESTABILITY = YES;
				GCC_C_LANGUAGE_STANDARD = gnu99;
				GCC_DYNAMIC_NO_PIC = NO;
				GCC_NO_COMMON_BLOCKS = YES;
				GCC_OPTIMIZATION_LEVEL = 0;
				GCC_PREPROCESSOR_DEFINITIONS = (
					"DEBUG=1",
					"$(inherited)",
				);
				GCC_WARN_64_TO_32_BIT_CONVERSION = YES;
				GCC_WARN_ABOUT_RETURN_TYPE = YES_ERROR;
				GCC_WARN_UNDECLARED_SELECTOR = YES;
				GCC_WARN_UNINITIALIZED_AUTOS = YES_AGGRESSIVE;
				GCC_WARN_UNUSED_FUNCTION = YES;
				GCC_WARN_UNUSED_VARIABLE = YES;
				IPHONEOS_DEPLOYMENT_TARGET = 10.1;
				MTL_ENABLE_DEBUG_INFO = YES;
				ONLY_ACTIVE_ARCH = YES;
				SDKROOT = iphoneos;
				SWIFT_ACTIVE_COMPILATION_CONDITIONS = DEBUG;
				SWIFT_OPTIMIZATION_LEVEL = "-Onone";
				TARGETED_DEVICE_FAMILY = "1,2";
			};
			name = Debug;
		};
		7D19F2C01DE9714800EAD2ED /* Release */ = {
			isa = XCBuildConfiguration;
			buildSettings = {
				ALWAYS_SEARCH_USER_PATHS = NO;
				CLANG_ANALYZER_NONNULL = YES;
				CLANG_CXX_LANGUAGE_STANDARD = "gnu++0x";
				CLANG_CXX_LIBRARY = "libc++";
				CLANG_ENABLE_MODULES = YES;
				CLANG_ENABLE_OBJC_ARC = YES;
				CLANG_WARN_BOOL_CONVERSION = YES;
				CLANG_WARN_CONSTANT_CONVERSION = YES;
				CLANG_WARN_DIRECT_OBJC_ISA_USAGE = YES_ERROR;
				CLANG_WARN_DOCUMENTATION_COMMENTS = YES;
				CLANG_WARN_EMPTY_BODY = YES;
				CLANG_WARN_ENUM_CONVERSION = YES;
				CLANG_WARN_INFINITE_RECURSION = YES;
				CLANG_WARN_INT_CONVERSION = YES;
				CLANG_WARN_OBJC_ROOT_CLASS = YES_ERROR;
				CLANG_WARN_SUSPICIOUS_MOVES = YES;
				CLANG_WARN_UNREACHABLE_CODE = YES;
				CLANG_WARN__DUPLICATE_METHOD_MATCH = YES;
				"CODE_SIGN_IDENTITY[sdk=iphoneos*]" = "iPhone Developer";
				COPY_PHASE_STRIP = NO;
				DEBUG_INFORMATION_FORMAT = "dwarf-with-dsym";
				ENABLE_NS_ASSERTIONS = NO;
				ENABLE_STRICT_OBJC_MSGSEND = YES;
				GCC_C_LANGUAGE_STANDARD = gnu99;
				GCC_NO_COMMON_BLOCKS = YES;
				GCC_WARN_64_TO_32_BIT_CONVERSION = YES;
				GCC_WARN_ABOUT_RETURN_TYPE = YES_ERROR;
				GCC_WARN_UNDECLARED_SELECTOR = YES;
				GCC_WARN_UNINITIALIZED_AUTOS = YES_AGGRESSIVE;
				GCC_WARN_UNUSED_FUNCTION = YES;
				GCC_WARN_UNUSED_VARIABLE = YES;
				IPHONEOS_DEPLOYMENT_TARGET = 10.1;
				MTL_ENABLE_DEBUG_INFO = NO;
				SDKROOT = iphoneos;
				SWIFT_OPTIMIZATION_LEVEL = "-Owholemodule";
				TARGETED_DEVICE_FAMILY = "1,2";
				VALIDATE_PRODUCT = YES;
			};
			name = Release;
		};
		7D19F2C21DE9714800EAD2ED /* Debug */ = {
			isa = XCBuildConfiguration;
			buildSettings = {
				ASSETCATALOG_COMPILER_APPICON_NAME = AppIcon;
				INFOPLIST_FILE = Scribe/Info.plist;
				LD_RUNPATH_SEARCH_PATHS = "$(inherited) @executable_path/Frameworks";
				PRODUCT_BUNDLE_IDENTIFIER = com.darshan.Scribe;
				PRODUCT_NAME = "$(TARGET_NAME)";
				SWIFT_VERSION = 3.0;
			};
			name = Debug;
		};
		7D19F2C31DE9714800EAD2ED /* Release */ = {
			isa = XCBuildConfiguration;
			buildSettings = {
				ASSETCATALOG_COMPILER_APPICON_NAME = AppIcon;
				INFOPLIST_FILE = Scribe/Info.plist;
				LD_RUNPATH_SEARCH_PATHS = "$(inherited) @executable_path/Frameworks";
				PRODUCT_BUNDLE_IDENTIFIER = com.darshan.Scribe;
				PRODUCT_NAME = "$(TARGET_NAME)";
				SWIFT_VERSION = 3.0;
			};
			name = Release;
		};
/* End XCBuildConfiguration section */

/* Begin XCConfigurationList section */
		7D19F2A71DE9714800EAD2ED /* Build configuration list for PBXProject "Scribe" */ = {
			isa = XCConfigurationList;
			buildConfigurations = (
				7D19F2BF1DE9714800EAD2ED /* Debug */,
				7D19F2C01DE9714800EAD2ED /* Release */,
			);
			defaultConfigurationIsVisible = 0;
			defaultConfigurationName = Release;
		};
		7D19F2C11DE9714800EAD2ED /* Build configuration list for PBXNativeTarget "Scribe" */ = {
			isa = XCConfigurationList;
			buildConfigurations = (
				7D19F2C21DE9714800EAD2ED /* Debug */,
				7D19F2C31DE9714800EAD2ED /* Release */,
			);
			defaultConfigurationIsVisible = 0;
		};
/* End XCConfigurationList section */

/* Begin XCVersionGroup section */
		7D19F2B61DE9714800EAD2ED /* Scribe.xcdatamodeld */ = {
			isa = XCVersionGroup;
			children = (
				7D19F2B71DE9714800EAD2ED /* Scribe.xcdatamodel */,
			);
			currentVersion = 7D19F2B71DE9714800EAD2ED /* Scribe.xcdatamodel */;
			path = Scribe.xcdatamodeld;
			sourceTree = "<group>";
			versionGroupType = wrapper.xcdatamodel;
		};
/* End XCVersionGroup section */
	};
	rootObject = 7D19F2A41DE9714800EAD2ED /* Project object */;
}
